
Microsoft Visual Studio Solution File, Format Version 12.00
# Visual Studio Version 16
VisualStudioVersion = 16.0.31402.337
MinimumVisualStudioVersion = 10.0.40219.1
Project("{FAE04EC0-301F-11D3-BF4B-00C04F79EFBC}") = "Zadanie_Dane_Osobowe_Poprawione", "Zadanie_Dane_Osobowe_Poprawione\Zadanie_Dane_Osobowe_Poprawione.csproj", "{95A6CD3B-5C40-4E10-AEF6-45EC09439B58}"
EndProject
Global
	GlobalSection(SolutionConfigurationPlatforms) = preSolution
		Debug|Any CPU = Debug|Any CPU
		Release|Any CPU = Release|Any CPU
	EndGlobalSection
	GlobalSection(ProjectConfigurationPlatforms) = postSolution
		{95A6CD3B-5C40-4E10-AEF6-45EC09439B58}.Debug|Any CPU.ActiveCfg = Debug|Any CPU
		{95A6CD3B-5C40-4E10-AEF6-45EC09439B58}.Debug|Any CPU.Build.0 = Debug|Any CPU
		{95A6CD3B-5C40-4E10-AEF6-45EC09439B58}.Release|Any CPU.ActiveCfg = Release|Any CPU
		{95A6CD3B-5C40-4E10-AEF6-45EC09439B58}.Release|Any CPU.Build.0 = Release|Any CPU
	EndGlobalSection
	GlobalSection(SolutionProperties) = preSolution
		HideSolutionNode = FALSE
	EndGlobalSection
	GlobalSection(ExtensibilityGlobals) = postSolution
		SolutionGuid = {6D52CACA-8A8E-4388-882E-0ACF1B8F09F2}
	EndGlobalSection
EndGlobal
